
Microsoft Visual Studio Solution File, Format Version 12.00
# Visual Studio Version 17
VisualStudioVersion = 17.9.34723.18
MinimumVisualStudioVersion = 10.0.40219.1
Project("{FAE04EC0-301F-11D3-BF4B-00C04F79EFBC}") = "Exe_w_2_l_4", "Exe_w_2_l_4\Exe_w_2_l_4.csproj", "{5E70CBEB-0A8B-42B9-98E6-1A6BF6349A90}"
EndProject
Global
	GlobalSection(SolutionConfigurationPlatforms) = preSolution
		Debug|Any CPU = Debug|Any CPU
		Release|Any CPU = Release|Any CPU
	EndGlobalSection
	GlobalSection(ProjectConfigurationPlatforms) = postSolution
		{5E70CBEB-0A8B-42B9-98E6-1A6BF6349A90}.Debug|Any CPU.ActiveCfg = Debug|Any CPU
		{5E70CBEB-0A8B-42B9-98E6-1A6BF6349A90}.Debug|Any CPU.Build.0 = Debug|Any CPU
		{5E70CBEB-0A8B-42B9-98E6-1A6BF6349A90}.Release|Any CPU.ActiveCfg = Release|Any CPU
		{5E70CBEB-0A8B-42B9-98E6-1A6BF6349A90}.Release|Any CPU.Build.0 = Release|Any CPU
	EndGlobalSection
	GlobalSection(SolutionProperties) = preSolution
		HideSolutionNode = FALSE
	EndGlobalSection
	GlobalSection(ExtensibilityGlobals) = postSolution
		SolutionGuid = {4811402E-0AF4-4CEE-9318-D8F5F134ED96}
	EndGlobalSection
EndGlobal
